
Microsoft Visual Studio Solution File, Format Version 12.00
# Visual Studio 15
VisualStudioVersion = 15.0.28307.572
MinimumVisualStudioVersion = 10.0.40219.1
Project("{FAE04EC0-301F-11D3-BF4B-00C04F79EFBC}") = "FirstWpf", "FirstWpf\FirstWpf.csproj", "{7C231C95-C944-4466-BAA5-DAFEDCF5A778}"
EndProject
Global
	GlobalSection(SolutionConfigurationPlatforms) = preSolution
		Debug|Any CPU = Debug|Any CPU
		Release|Any CPU = Release|Any CPU
	EndGlobalSection
	GlobalSection(ProjectConfigurationPlatforms) = postSolution
		{7C231C95-C944-4466-BAA5-DAFEDCF5A778}.Debug|Any CPU.ActiveCfg = Debug|Any CPU
		{7C231C95-C944-4466-BAA5-DAFEDCF5A778}.Debug|Any CPU.Build.0 = Debug|Any CPU
		{7C231C95-C944-4466-BAA5-DAFEDCF5A778}.Release|Any CPU.ActiveCfg = Release|Any CPU
		{7C231C95-C944-4466-BAA5-DAFEDCF5A778}.Release|Any CPU.Build.0 = Release|Any CPU
	EndGlobalSection
	GlobalSection(SolutionProperties) = preSolution
		HideSolutionNode = FALSE
	EndGlobalSection
	GlobalSection(ExtensibilityGlobals) = postSolution
		SolutionGuid = {A1895888-8822-418B-A80B-82E0605A9A74}
	EndGlobalSection
EndGlobal
